
Microsoft Visual Studio Solution File, Format Version 12.00
# Visual Studio 15
VisualStudioVersion = 15.0.26430.6
MinimumVisualStudioVersion = 10.0.40219.1
Project("{9A19103F-16F7-4668-BE54-9A1E7A4F7556}") = "RoboZZle.Offline", "src\RoboZZle.Offline.csproj", "{A53FC016-D17F-4709-8783-76C22F7BA34B}"
EndProject
Project("{2150E333-8FDC-42A3-9474-1A3956D46DE8}") = "Repo", "Repo", "{1116DAE1-0F26-4872-A1F8-395A10F649FE}"
	ProjectSection(SolutionItems) = preProject
		.editorconfig = .editorconfig
		.gitattributes = .gitattributes
		.gitignore = .gitignore
		LICENSE = LICENSE
		README.md = README.md
	EndProjectSection
EndProject
Project("{2150E333-8FDC-42A3-9474-1A3956D46DE8}") = "CI", "CI", "{1CA340B3-9989-467F-9F3F-205AE8589B7C}"
	ProjectSection(SolutionItems) = preProject
		.github\workflows\master.yml = .github\workflows\master.yml
	EndProjectSection
EndProject
Global
	GlobalSection(SolutionConfigurationPlatforms) = preSolution
		Debug|Any CPU = Debug|Any CPU
		Release|Any CPU = Release|Any CPU
	EndGlobalSection
	GlobalSection(ProjectConfigurationPlatforms) = postSolution
		{A53FC016-D17F-4709-8783-76C22F7BA34B}.Debug|Any CPU.ActiveCfg = Debug|Any CPU
		{A53FC016-D17F-4709-8783-76C22F7BA34B}.Debug|Any CPU.Build.0 = Debug|Any CPU
		{A53FC016-D17F-4709-8783-76C22F7BA34B}.Release|Any CPU.ActiveCfg = Release|Any CPU
		{A53FC016-D17F-4709-8783-76C22F7BA34B}.Release|Any CPU.Build.0 = Release|Any CPU
	EndGlobalSection
	GlobalSection(SolutionProperties) = preSolution
		HideSolutionNode = FALSE
	EndGlobalSection
EndGlobal
